
Microsoft Visual Studio Solution File, Format Version 12.00
# Visual Studio Version 16
VisualStudioVersion = 16.0.33130.400
MinimumVisualStudioVersion = 10.0.40219.1
Project("{8BC9CEB8-8B4A-11D0-8D11-00A0C91BC942}") = "PointCloudEditor", "PointCloudEditor.vcxproj", "{F0138436-4F55-41CE-9015-7950545AF924}"
EndProject
Project("{8BC9CEB8-8B4A-11D0-8D11-00A0C91BC942}") = "PointCloudLib", "..\..\PointCloudLib\projects\PointCloudLib.vcxproj", "{B47C0D0B-E394-4297-8C94-0F30C4DE7EEB}"
EndProject
Global
	GlobalSection(SolutionConfigurationPlatforms) = preSolution
		Debug|x64 = Debug|x64
		Release|x64 = Release|x64
	EndGlobalSection
	GlobalSection(ProjectConfigurationPlatforms) = postSolution
		{F0138436-4F55-41CE-9015-7950545AF924}.Debug|x64.ActiveCfg = Debug|x64
		{F0138436-4F55-41CE-9015-7950545AF924}.Debug|x64.Build.0 = Debug|x64
		{F0138436-4F55-41CE-9015-7950545AF924}.Release|x64.ActiveCfg = Release|x64
		{F0138436-4F55-41CE-9015-7950545AF924}.Release|x64.Build.0 = Release|x64
		{B47C0D0B-E394-4297-8C94-0F30C4DE7EEB}.Debug|x64.ActiveCfg = Debug|x64
		{B47C0D0B-E394-4297-8C94-0F30C4DE7EEB}.Debug|x64.Build.0 = Debug|x64
		{B47C0D0B-E394-4297-8C94-0F30C4DE7EEB}.Release|x64.ActiveCfg = Release|x64
		{B47C0D0B-E394-4297-8C94-0F30C4DE7EEB}.Release|x64.Build.0 = Release|x64
	EndGlobalSection
	GlobalSection(SolutionProperties) = preSolution
		HideSolutionNode = FALSE
	EndGlobalSection
	GlobalSection(ExtensibilityGlobals) = postSolution
		SolutionGuid = {E282D3E1-350C-407B-808B-FEDDBFC5B1BF}
	EndGlobalSection
EndGlobal
